
Microsoft Visual Studio Solution File, Format Version 12.00
# Visual Studio Version 17
VisualStudioVersion = 17.1.32328.378
MinimumVisualStudioVersion = 10.0.40219.1
Project("{9A19103F-16F7-4668-BE54-9A1E7A4F7556}") = "FinalProject", "FinalProject\FinalProject.csproj", "{FD79914A-E3AF-49E5-A925-F20C3C9FDC9E}"
EndProject
Project("{2150E333-8FDC-42A3-9474-1A3956D46DE8}") = "Solution Items", "Solution Items", "{CC4482F2-9A26-40A7-999F-16E9FE5DE99F}"
	ProjectSection(SolutionItems) = preProject
		.editorconfig = .editorconfig
	EndProjectSection
EndProject
Project("{FAE04EC0-301F-11D3-BF4B-00C04F79EFBC}") = "CustomerApplication", "CustomerApplication\CustomerApplication.csproj", "{EB139F9A-63AB-4AF8-8AAD-F6B2DF8D7E16}"
EndProject
Global
	GlobalSection(SolutionConfigurationPlatforms) = preSolution
		Debug|Any CPU = Debug|Any CPU
		Release|Any CPU = Release|Any CPU
	EndGlobalSection
	GlobalSection(ProjectConfigurationPlatforms) = postSolution
		{FD79914A-E3AF-49E5-A925-F20C3C9FDC9E}.Debug|Any CPU.ActiveCfg = Debug|Any CPU
		{FD79914A-E3AF-49E5-A925-F20C3C9FDC9E}.Debug|Any CPU.Build.0 = Debug|Any CPU
		{FD79914A-E3AF-49E5-A925-F20C3C9FDC9E}.Release|Any CPU.ActiveCfg = Release|Any CPU
		{FD79914A-E3AF-49E5-A925-F20C3C9FDC9E}.Release|Any CPU.Build.0 = Release|Any CPU
		{EB139F9A-63AB-4AF8-8AAD-F6B2DF8D7E16}.Debug|Any CPU.ActiveCfg = Debug|Any CPU
		{EB139F9A-63AB-4AF8-8AAD-F6B2DF8D7E16}.Debug|Any CPU.Build.0 = Debug|Any CPU
		{EB139F9A-63AB-4AF8-8AAD-F6B2DF8D7E16}.Release|Any CPU.ActiveCfg = Release|Any CPU
		{EB139F9A-63AB-4AF8-8AAD-F6B2DF8D7E16}.Release|Any CPU.Build.0 = Release|Any CPU
	EndGlobalSection
	GlobalSection(SolutionProperties) = preSolution
		HideSolutionNode = FALSE
	EndGlobalSection
	GlobalSection(ExtensibilityGlobals) = postSolution
		SolutionGuid = {17737105-DECE-4E47-A20F-55A523E1E3D7}
	EndGlobalSection
EndGlobal
